{
  "object": {
    "pins": [
      {
        "package": "Starscream",
        "repositoryURL": "https://github.com/zacwest/Starscream",
        "state": {
          "branch": "ha-swift-api",
          "revision": "35db1249f572e81c480f7159051194f688c16825",
          "version": null
        }
      }
    ]
  },
  "version": 1
}
