{
  "object": {
    "pins": [
      {
        "package": "PromiseKit",
        "repositoryURL": "https://github.com/mxcl/PromiseKit",
        "state": {
          "branch": null,
          "revision": "6fcc08077124e9747f1ec7bd8bb78f5caffe5a79",
          "version": "8.1.2"
        }
      },
      {
        "package": "Starscream",
        "repositoryURL": "https://github.com/bgoncal/Starscream",
        "state": {
          "branch": null,
          "revision": "7e3d24425c20649105cb4bdd612b6bab66f73ade",
          "version": "4.0.8"
        }
      }
    ]
  },
  "version": 1
}
